<?xml version="1.0" encoding="UTF-8"?>
<Scheme
   LastUpgradeVersion = "0830"
   version = "1.3">
   <BuildAction
      parallelizeBuildables = "YES"
      buildImplicitDependencies = "YES">
      <BuildActionEntries>
         <BuildActionEntry
            buildForTesting = "YES"
            buildForRunning = "YES"
            buildForProfiling = "YES"
            buildForArchiving = "YES"
            buildForAnalyzing = "YES">
            <BuildableReference
               BuildableIdentifier = "primary"
               BlueprintIdentifier = "B49AAD191EC0994D00E6F0FC"
               BuildableName = "ACO-CSP"
               BlueprintName = "ACO-CSP"
               ReferencedContainer = "container:ACO-CSP.xcodeproj">
            </BuildableReference>
         </BuildActionEntry>
      </BuildActionEntries>
   </BuildAction>
   <TestAction
      buildConfiguration = "Debug"
      selectedDebuggerIdentifier = "Xcode.DebuggerFoundation.Debugger.LLDB"
      selectedLauncherIdentifier = "Xcode.DebuggerFoundation.Launcher.LLDB"
      shouldUseLaunchSchemeArgsEnv = "YES">
      <Testables>
      </Testables>
      <MacroExpansion>
         <BuildableReference
            BuildableIdentifier = "primary"
            BlueprintIdentifier = "B49AAD191EC0994D00E6F0FC"
            BuildableName = "ACO-CSP"
            BlueprintName = "ACO-CSP"
            ReferencedContainer = "container:ACO-CSP.xcodeproj">
         </BuildableReference>
      </MacroExpansion>
      <AdditionalOptions>
      </AdditionalOptions>
   </TestAction>
   <LaunchAction
      buildConfiguration = "Debug"
      selectedDebuggerIdentifier = "Xcode.DebuggerFoundation.Debugger.LLDB"
      selectedLauncherIdentifier = "Xcode.DebuggerFoundation.Launcher.LLDB"
      launchStyle = "0"
      useCustomWorkingDirectory = "NO"
      ignoresPersistentStateOnLaunch = "NO"
      debugDocumentVersioning = "YES"
      debugServiceExtension = "internal"
      allowLocationSimulation = "YES">
      <BuildableProductRunnable
         runnableDebuggingMode = "0">
         <BuildableReference
            BuildableIdentifier = "primary"
            BlueprintIdentifier = "B49AAD191EC0994D00E6F0FC"
            BuildableName = "ACO-CSP"
            BlueprintName = "ACO-CSP"
            ReferencedContainer = "container:ACO-CSP.xcodeproj">
         </BuildableReference>
      </BuildableProductRunnable>
      <CommandLineArguments>
         <CommandLineArgument
            argument = "--ants 10"
            isEnabled = "YES">
         </CommandLineArgument>
         <CommandLineArgument
            argument = "--alpha 1.0"
            isEnabled = "YES">
         </CommandLineArgument>
         <CommandLineArgument
            argument = "--beta 5.0"
            isEnabled = "YES">
         </CommandLineArgument>
         <CommandLineArgument
            argument = "--rho 0.1"
            isEnabled = "YES">
         </CommandLineArgument>
         <CommandLineArgument
            argument = "--budget 1000"
            isEnabled = "YES">
         </CommandLineArgument>
         <CommandLineArgument
            argument = "--seed 666"
            isEnabled = "YES">
         </CommandLineArgument>
         <CommandLineArgument
            argument = "--instance /Users/Jens/Documents/Git/ACO-CSP/data/instances/2-30-10000-1-9.csp"
            isEnabled = "YES">
         </CommandLineArgument>
         <CommandLineArgument
            argument = "--instance /Users/Jens/Documents/Git/ACO-CSP/data/random/4-10-200.csp"
            isEnabled = "NO">
         </CommandLineArgument>
         <CommandLineArgument
            argument = "--mmas"
            isEnabled = "NO">
         </CommandLineArgument>
         <CommandLineArgument
            argument = "--local"
            isEnabled = "NO">
         </CommandLineArgument>
         <CommandLineArgument
            argument = "--brep 0.001"
            isEnabled = "NO">
         </CommandLineArgument>
         <CommandLineArgument
            argument = "--acs"
            isEnabled = "YES">
         </CommandLineArgument>
         <CommandLineArgument
            argument = "--q0 0.9"
            isEnabled = "YES">
         </CommandLineArgument>
      </CommandLineArguments>
      <AdditionalOptions>
      </AdditionalOptions>
   </LaunchAction>
   <ProfileAction
      buildConfiguration = "Release"
      shouldUseLaunchSchemeArgsEnv = "YES"
      savedToolIdentifier = ""
      useCustomWorkingDirectory = "NO"
      debugDocumentVersioning = "YES">
      <BuildableProductRunnable
         runnableDebuggingMode = "0">
         <BuildableReference
            BuildableIdentifier = "primary"
            BlueprintIdentifier = "B49AAD191EC0994D00E6F0FC"
            BuildableName = "ACO-CSP"
            BlueprintName = "ACO-CSP"
            ReferencedContainer = "container:ACO-CSP.xcodeproj">
         </BuildableReference>
      </BuildableProductRunnable>
   </ProfileAction>
   <AnalyzeAction
      buildConfiguration = "Debug">
   </AnalyzeAction>
   <ArchiveAction
      buildConfiguration = "Release"
      revealArchiveInOrganizer = "YES">
   </ArchiveAction>
</Scheme>
