// !$*UTF8*$!
{
	archiveVersion = 1;
	classes = {
	};
	objectVersion = 46;
	objects = {

/* Begin PBXBuildFile section */
		B49AAD271EC0999C00E6F0FC /* main.cpp in Sources */ = {isa = PBXBuildFile; fileRef = B49AAD261EC0999C00E6F0FC /* main.cpp */; };
		B49AAD601EC09D7800E6F0FC /* README.md in Sources */ = {isa = PBXBuildFile; fileRef = B49AAD5F1EC09D7800E6F0FC /* README.md */; };
/* End PBXBuildFile section */

/* Begin PBXCopyFilesBuildPhase section */
		B49AAD181EC0994D00E6F0FC /* CopyFiles */ = {
			isa = PBXCopyFilesBuildPhase;
			buildActionMask = 2147483647;
			dstPath = /usr/share/man/man1/;
			dstSubfolderSpec = 0;
			files = (
			);
			runOnlyForDeploymentPostprocessing = 1;
		};
/* End PBXCopyFilesBuildPhase section */

/* Begin PBXFileReference section */
		B49AAD1A1EC0994D00E6F0FC /* ACO-CSP */ = {isa = PBXFileReference; explicitFileType = "compiled.mach-o.executable"; includeInIndex = 0; path = "ACO-CSP"; sourceTree = BUILT_PRODUCTS_DIR; };
		B49AAD261EC0999C00E6F0FC /* main.cpp */ = {isa = PBXFileReference; fileEncoding = 4; lastKnownFileType = sourcecode.cpp.cpp; path = main.cpp; sourceTree = "<group>"; };
		B49AAD411EC09A0200E6F0FC /* 2-30-10000-1-9.csp */ = {isa = PBXFileReference; fileEncoding = 4; lastKnownFileType = text; path = "2-30-10000-1-9.csp"; sourceTree = "<group>"; };
		B49AAD421EC09A0200E6F0FC /* 2-30-10000-2-8.csp */ = {isa = PBXFileReference; fileEncoding = 4; lastKnownFileType = text; path = "2-30-10000-2-8.csp"; sourceTree = "<group>"; };
		B49AAD431EC09A0200E6F0FC /* 2-40-10000-1-7.csp */ = {isa = PBXFileReference; fileEncoding = 4; lastKnownFileType = text; path = "2-40-10000-1-7.csp"; sourceTree = "<group>"; };
		B49AAD441EC09A0200E6F0FC /* 2-40-10000-2-6.csp */ = {isa = PBXFileReference; fileEncoding = 4; lastKnownFileType = text; path = "2-40-10000-2-6.csp"; sourceTree = "<group>"; };
		B49AAD451EC09A0200E6F0FC /* 2-50-10000-1-5.csp */ = {isa = PBXFileReference; fileEncoding = 4; lastKnownFileType = text; path = "2-50-10000-1-5.csp"; sourceTree = "<group>"; };
		B49AAD461EC09A0200E6F0FC /* 2-50-10000-2-4.csp */ = {isa = PBXFileReference; fileEncoding = 4; lastKnownFileType = text; path = "2-50-10000-2-4.csp"; sourceTree = "<group>"; };
		B49AAD471EC09A0200E6F0FC /* 20-10-10000-1-9.csp */ = {isa = PBXFileReference; fileEncoding = 4; lastKnownFileType = text; path = "20-10-10000-1-9.csp"; sourceTree = "<group>"; };
		B49AAD481EC09A0200E6F0FC /* 20-20-10000-1-7.csp */ = {isa = PBXFileReference; fileEncoding = 4; lastKnownFileType = text; path = "20-20-10000-1-7.csp"; sourceTree = "<group>"; };
		B49AAD491EC09A0200E6F0FC /* 20-30-10000-1-5.csp */ = {isa = PBXFileReference; fileEncoding = 4; lastKnownFileType = text; path = "20-30-10000-1-5.csp"; sourceTree = "<group>"; };
		B49AAD4A1EC09A0200E6F0FC /* 20-40-10000-1-3.csp */ = {isa = PBXFileReference; fileEncoding = 4; lastKnownFileType = text; path = "20-40-10000-1-3.csp"; sourceTree = "<group>"; };
		B49AAD4B1EC09A0200E6F0FC /* 20-50-10000-1-1.csp */ = {isa = PBXFileReference; fileEncoding = 4; lastKnownFileType = text; path = "20-50-10000-1-1.csp"; sourceTree = "<group>"; };
		B49AAD4C1EC09A0200E6F0FC /* 4-20-10000-1-2.csp */ = {isa = PBXFileReference; fileEncoding = 4; lastKnownFileType = text; path = "4-20-10000-1-2.csp"; sourceTree = "<group>"; };
		B49AAD4D1EC09A0200E6F0FC /* 4-20-10000-2-3.csp */ = {isa = PBXFileReference; fileEncoding = 4; lastKnownFileType = text; path = "4-20-10000-2-3.csp"; sourceTree = "<group>"; };
		B49AAD4E1EC09A0200E6F0FC /* 4-30-10000-1-1.csp */ = {isa = PBXFileReference; fileEncoding = 4; lastKnownFileType = text; path = "4-30-10000-1-1.csp"; sourceTree = "<group>"; };
		B49AAD4F1EC09A0200E6F0FC /* 4-30-10000-2-0.csp */ = {isa = PBXFileReference; fileEncoding = 4; lastKnownFileType = text; path = "4-30-10000-2-0.csp"; sourceTree = "<group>"; };
		B49AAD501EC09A0200E6F0FC /* 4-40-10000-1-9.csp */ = {isa = PBXFileReference; fileEncoding = 4; lastKnownFileType = text; path = "4-40-10000-1-9.csp"; sourceTree = "<group>"; };
		B49AAD511EC09A0200E6F0FC /* 4-40-10000-2-8.csp */ = {isa = PBXFileReference; fileEncoding = 4; lastKnownFileType = text; path = "4-40-10000-2-8.csp"; sourceTree = "<group>"; };
		B49AAD521EC09A0200E6F0FC /* 4-50-10000-1-7.csp */ = {isa = PBXFileReference; fileEncoding = 4; lastKnownFileType = text; path = "4-50-10000-1-7.csp"; sourceTree = "<group>"; };
		B49AAD531EC09A0200E6F0FC /* 4-50-10000-2-6.csp */ = {isa = PBXFileReference; fileEncoding = 4; lastKnownFileType = text; path = "4-50-10000-2-6.csp"; sourceTree = "<group>"; };
		B49AAD541EC09A0200E6F0FC /* instances_opt.txt */ = {isa = PBXFileReference; fileEncoding = 4; lastKnownFileType = text; path = instances_opt.txt; sourceTree = "<group>"; };
		B49AAD551EC09A0200E6F0FC /* README.txt */ = {isa = PBXFileReference; fileEncoding = 4; lastKnownFileType = text; path = README.txt; sourceTree = "<group>"; };
		B49AAD571EC09B8C00E6F0FC /* boxplot-params.R */ = {isa = PBXFileReference; fileEncoding = 4; lastKnownFileType = sourcecode.rez; path = "boxplot-params.R"; sourceTree = "<group>"; };
		B49AAD581EC09B8C00E6F0FC /* convergence-params.R */ = {isa = PBXFileReference; fileEncoding = 4; lastKnownFileType = sourcecode.rez; path = "convergence-params.R"; sourceTree = "<group>"; };
		B49AAD5A1EC09B8C00E6F0FC /* boxplot.R */ = {isa = PBXFileReference; fileEncoding = 4; lastKnownFileType = sourcecode.rez; path = boxplot.R; sourceTree = "<group>"; };
		B49AAD5B1EC09B8C00E6F0FC /* convergence.R */ = {isa = PBXFileReference; fileEncoding = 4; lastKnownFileType = sourcecode.rez; path = convergence.R; sourceTree = "<group>"; };
		B49AAD5C1EC09B8C00E6F0FC /* wilcoxon.R */ = {isa = PBXFileReference; fileEncoding = 4; lastKnownFileType = sourcecode.rez; path = wilcoxon.R; sourceTree = "<group>"; };
		B49AAD5D1EC09B8C00E6F0FC /* wilcoxon-params.R */ = {isa = PBXFileReference; fileEncoding = 4; lastKnownFileType = sourcecode.rez; path = "wilcoxon-params.R"; sourceTree = "<group>"; };
		B49AAD5E1EC09D7800E6F0FC /* LICENSE */ = {isa = PBXFileReference; fileEncoding = 4; lastKnownFileType = text; path = LICENSE; sourceTree = "<group>"; };
		B49AAD5F1EC09D7800E6F0FC /* README.md */ = {isa = PBXFileReference; fileEncoding = 4; lastKnownFileType = net.daringfireball.markdown; path = README.md; sourceTree = "<group>"; };
		B49AAD611EC09E4E00E6F0FC /* .gitignore */ = {isa = PBXFileReference; fileEncoding = 4; lastKnownFileType = text; path = .gitignore; sourceTree = "<group>"; };
/* End PBXFileReference section */

/* Begin PBXFrameworksBuildPhase section */
		B49AAD171EC0994D00E6F0FC /* Frameworks */ = {
			isa = PBXFrameworksBuildPhase;
			buildActionMask = 2147483647;
			files = (
			);
			runOnlyForDeploymentPostprocessing = 0;
		};
/* End PBXFrameworksBuildPhase section */

/* Begin PBXGroup section */
		B49AAD111EC0994D00E6F0FC = {
			isa = PBXGroup;
			children = (
				B49AAD611EC09E4E00E6F0FC /* .gitignore */,
				B49AAD5E1EC09D7800E6F0FC /* LICENSE */,
				B49AAD5F1EC09D7800E6F0FC /* README.md */,
				B49AAD561EC09B8C00E6F0FC /* scripts */,
				B49AAD3F1EC09A0200E6F0FC /* data */,
				B49AAD251EC0999C00E6F0FC /* src */,
				B49AAD1B1EC0994D00E6F0FC /* Products */,
			);
			sourceTree = "<group>";
		};
		B49AAD1B1EC0994D00E6F0FC /* Products */ = {
			isa = PBXGroup;
			children = (
				B49AAD1A1EC0994D00E6F0FC /* ACO-CSP */,
			);
			name = Products;
			sourceTree = "<group>";
		};
		B49AAD251EC0999C00E6F0FC /* src */ = {
			isa = PBXGroup;
			children = (
				B49AAD261EC0999C00E6F0FC /* main.cpp */,
			);
			path = src;
			sourceTree = "<group>";
		};
		B49AAD3F1EC09A0200E6F0FC /* data */ = {
			isa = PBXGroup;
			children = (
				B49AAD401EC09A0200E6F0FC /* instances */,
				B49AAD541EC09A0200E6F0FC /* instances_opt.txt */,
				B49AAD551EC09A0200E6F0FC /* README.txt */,
			);
			path = data;
			sourceTree = "<group>";
		};
		B49AAD401EC09A0200E6F0FC /* instances */ = {
			isa = PBXGroup;
			children = (
				B49AAD411EC09A0200E6F0FC /* 2-30-10000-1-9.csp */,
				B49AAD421EC09A0200E6F0FC /* 2-30-10000-2-8.csp */,
				B49AAD431EC09A0200E6F0FC /* 2-40-10000-1-7.csp */,
				B49AAD441EC09A0200E6F0FC /* 2-40-10000-2-6.csp */,
				B49AAD451EC09A0200E6F0FC /* 2-50-10000-1-5.csp */,
				B49AAD461EC09A0200E6F0FC /* 2-50-10000-2-4.csp */,
				B49AAD471EC09A0200E6F0FC /* 20-10-10000-1-9.csp */,
				B49AAD481EC09A0200E6F0FC /* 20-20-10000-1-7.csp */,
				B49AAD491EC09A0200E6F0FC /* 20-30-10000-1-5.csp */,
				B49AAD4A1EC09A0200E6F0FC /* 20-40-10000-1-3.csp */,
				B49AAD4B1EC09A0200E6F0FC /* 20-50-10000-1-1.csp */,
				B49AAD4C1EC09A0200E6F0FC /* 4-20-10000-1-2.csp */,
				B49AAD4D1EC09A0200E6F0FC /* 4-20-10000-2-3.csp */,
				B49AAD4E1EC09A0200E6F0FC /* 4-30-10000-1-1.csp */,
				B49AAD4F1EC09A0200E6F0FC /* 4-30-10000-2-0.csp */,
				B49AAD501EC09A0200E6F0FC /* 4-40-10000-1-9.csp */,
				B49AAD511EC09A0200E6F0FC /* 4-40-10000-2-8.csp */,
				B49AAD521EC09A0200E6F0FC /* 4-50-10000-1-7.csp */,
				B49AAD531EC09A0200E6F0FC /* 4-50-10000-2-6.csp */,
			);
			path = instances;
			sourceTree = "<group>";
		};
		B49AAD561EC09B8C00E6F0FC /* scripts */ = {
			isa = PBXGroup;
			children = (
				B49AAD571EC09B8C00E6F0FC /* boxplot-params.R */,
				B49AAD581EC09B8C00E6F0FC /* convergence-params.R */,
				B49AAD591EC09B8C00E6F0FC /* R-scripts */,
				B49AAD5D1EC09B8C00E6F0FC /* wilcoxon-params.R */,
			);
			path = scripts;
			sourceTree = "<group>";
		};
		B49AAD591EC09B8C00E6F0FC /* R-scripts */ = {
			isa = PBXGroup;
			children = (
				B49AAD5A1EC09B8C00E6F0FC /* boxplot.R */,
				B49AAD5B1EC09B8C00E6F0FC /* convergence.R */,
				B49AAD5C1EC09B8C00E6F0FC /* wilcoxon.R */,
			);
			path = "R-scripts";
			sourceTree = "<group>";
		};
/* End PBXGroup section */

/* Begin PBXNativeTarget section */
		B49AAD191EC0994D00E6F0FC /* ACO-CSP */ = {
			isa = PBXNativeTarget;
			buildConfigurationList = B49AAD211EC0994D00E6F0FC /* Build configuration list for PBXNativeTarget "ACO-CSP" */;
			buildPhases = (
				B49AAD161EC0994D00E6F0FC /* Sources */,
				B49AAD171EC0994D00E6F0FC /* Frameworks */,
				B49AAD181EC0994D00E6F0FC /* CopyFiles */,
			);
			buildRules = (
			);
			dependencies = (
			);
			name = "ACO-CSP";
			productName = "ACO-CSP";
			productReference = B49AAD1A1EC0994D00E6F0FC /* ACO-CSP */;
			productType = "com.apple.product-type.tool";
		};
/* End PBXNativeTarget section */

/* Begin PBXProject section */
		B49AAD121EC0994D00E6F0FC /* Project object */ = {
			isa = PBXProject;
			attributes = {
				LastUpgradeCheck = 0830;
				ORGANIZATIONNAME = "Jens Nevens";
				TargetAttributes = {
					B49AAD191EC0994D00E6F0FC = {
						CreatedOnToolsVersion = 8.3.2;
						ProvisioningStyle = Automatic;
					};
				};
			};
			buildConfigurationList = B49AAD151EC0994D00E6F0FC /* Build configuration list for PBXProject "ACO-CSP" */;
			compatibilityVersion = "Xcode 3.2";
			developmentRegion = English;
			hasScannedForEncodings = 0;
			knownRegions = (
				en,
			);
			mainGroup = B49AAD111EC0994D00E6F0FC;
			productRefGroup = B49AAD1B1EC0994D00E6F0FC /* Products */;
			projectDirPath = "";
			projectRoot = "";
			targets = (
				B49AAD191EC0994D00E6F0FC /* ACO-CSP */,
			);
		};
/* End PBXProject section */

/* Begin PBXSourcesBuildPhase section */
		B49AAD161EC0994D00E6F0FC /* Sources */ = {
			isa = PBXSourcesBuildPhase;
			buildActionMask = 2147483647;
			files = (
				B49AAD601EC09D7800E6F0FC /* README.md in Sources */,
				B49AAD271EC0999C00E6F0FC /* main.cpp in Sources */,
			);
			runOnlyForDeploymentPostprocessing = 0;
		};
/* End PBXSourcesBuildPhase section */

/* Begin XCBuildConfiguration section */
		B49AAD1F1EC0994D00E6F0FC /* Debug */ = {
			isa = XCBuildConfiguration;
			buildSettings = {
				ALWAYS_SEARCH_USER_PATHS = NO;
				CLANG_ANALYZER_NONNULL = YES;
				CLANG_ANALYZER_NUMBER_OBJECT_CONVERSION = YES_AGGRESSIVE;
				CLANG_CXX_LANGUAGE_STANDARD = "gnu++0x";
				CLANG_CXX_LIBRARY = "libc++";
				CLANG_ENABLE_MODULES = YES;
				CLANG_ENABLE_OBJC_ARC = YES;
				CLANG_WARN_BOOL_CONVERSION = YES;
				CLANG_WARN_CONSTANT_CONVERSION = YES;
				CLANG_WARN_DIRECT_OBJC_ISA_USAGE = YES_ERROR;
				CLANG_WARN_DOCUMENTATION_COMMENTS = YES;
				CLANG_WARN_EMPTY_BODY = YES;
				CLANG_WARN_ENUM_CONVERSION = YES;
				CLANG_WARN_INFINITE_RECURSION = YES;
				CLANG_WARN_INT_CONVERSION = YES;
				CLANG_WARN_OBJC_ROOT_CLASS = YES_ERROR;
				CLANG_WARN_SUSPICIOUS_MOVE = YES;
				CLANG_WARN_UNREACHABLE_CODE = YES;
				CLANG_WARN__DUPLICATE_METHOD_MATCH = YES;
				CODE_SIGN_IDENTITY = "-";
				COPY_PHASE_STRIP = NO;
				DEBUG_INFORMATION_FORMAT = dwarf;
				ENABLE_STRICT_OBJC_MSGSEND = YES;
				ENABLE_TESTABILITY = YES;
				GCC_C_LANGUAGE_STANDARD = gnu99;
				GCC_DYNAMIC_NO_PIC = NO;
				GCC_NO_COMMON_BLOCKS = YES;
				GCC_OPTIMIZATION_LEVEL = 0;
				GCC_PREPROCESSOR_DEFINITIONS = (
					"DEBUG=1",
					"$(inherited)",
				);
				GCC_WARN_64_TO_32_BIT_CONVERSION = YES;
				GCC_WARN_ABOUT_RETURN_TYPE = YES_ERROR;
				GCC_WARN_UNDECLARED_SELECTOR = YES;
				GCC_WARN_UNINITIALIZED_AUTOS = YES_AGGRESSIVE;
				GCC_WARN_UNUSED_FUNCTION = YES;
				GCC_WARN_UNUSED_VARIABLE = YES;
				MACOSX_DEPLOYMENT_TARGET = 10.12;
				MTL_ENABLE_DEBUG_INFO = YES;
				ONLY_ACTIVE_ARCH = YES;
				SDKROOT = macosx;
			};
			name = Debug;
		};
		B49AAD201EC0994D00E6F0FC /* Release */ = {
			isa = XCBuildConfiguration;
			buildSettings = {
				ALWAYS_SEARCH_USER_PATHS = NO;
				CLANG_ANALYZER_NONNULL = YES;
				CLANG_ANALYZER_NUMBER_OBJECT_CONVERSION = YES_AGGRESSIVE;
				CLANG_CXX_LANGUAGE_STANDARD = "gnu++0x";
				CLANG_CXX_LIBRARY = "libc++";
				CLANG_ENABLE_MODULES = YES;
				CLANG_ENABLE_OBJC_ARC = YES;
				CLANG_WARN_BOOL_CONVERSION = YES;
				CLANG_WARN_CONSTANT_CONVERSION = YES;
				CLANG_WARN_DIRECT_OBJC_ISA_USAGE = YES_ERROR;
				CLANG_WARN_DOCUMENTATION_COMMENTS = YES;
				CLANG_WARN_EMPTY_BODY = YES;
				CLANG_WARN_ENUM_CONVERSION = YES;
				CLANG_WARN_INFINITE_RECURSION = YES;
				CLANG_WARN_INT_CONVERSION = YES;
				CLANG_WARN_OBJC_ROOT_CLASS = YES_ERROR;
				CLANG_WARN_SUSPICIOUS_MOVE = YES;
				CLANG_WARN_UNREACHABLE_CODE = YES;
				CLANG_WARN__DUPLICATE_METHOD_MATCH = YES;
				CODE_SIGN_IDENTITY = "-";
				COPY_PHASE_STRIP = NO;
				DEBUG_INFORMATION_FORMAT = "dwarf-with-dsym";
				ENABLE_NS_ASSERTIONS = NO;
				ENABLE_STRICT_OBJC_MSGSEND = YES;
				GCC_C_LANGUAGE_STANDARD = gnu99;
				GCC_NO_COMMON_BLOCKS = YES;
				GCC_WARN_64_TO_32_BIT_CONVERSION = YES;
				GCC_WARN_ABOUT_RETURN_TYPE = YES_ERROR;
				GCC_WARN_UNDECLARED_SELECTOR = YES;
				GCC_WARN_UNINITIALIZED_AUTOS = YES_AGGRESSIVE;
				GCC_WARN_UNUSED_FUNCTION = YES;
				GCC_WARN_UNUSED_VARIABLE = YES;
				MACOSX_DEPLOYMENT_TARGET = 10.12;
				MTL_ENABLE_DEBUG_INFO = NO;
				SDKROOT = macosx;
			};
			name = Release;
		};
		B49AAD221EC0994D00E6F0FC /* Debug */ = {
			isa = XCBuildConfiguration;
			buildSettings = {
				PRODUCT_NAME = "$(TARGET_NAME)";
			};
			name = Debug;
		};
		B49AAD231EC0994D00E6F0FC /* Release */ = {
			isa = XCBuildConfiguration;
			buildSettings = {
				PRODUCT_NAME = "$(TARGET_NAME)";
			};
			name = Release;
		};
/* End XCBuildConfiguration section */

/* Begin XCConfigurationList section */
		B49AAD151EC0994D00E6F0FC /* Build configuration list for PBXProject "ACO-CSP" */ = {
			isa = XCConfigurationList;
			buildConfigurations = (
				B49AAD1F1EC0994D00E6F0FC /* Debug */,
				B49AAD201EC0994D00E6F0FC /* Release */,
			);
			defaultConfigurationIsVisible = 0;
			defaultConfigurationName = Release;
		};
		B49AAD211EC0994D00E6F0FC /* Build configuration list for PBXNativeTarget "ACO-CSP" */ = {
			isa = XCConfigurationList;
			buildConfigurations = (
				B49AAD221EC0994D00E6F0FC /* Debug */,
				B49AAD231EC0994D00E6F0FC /* Release */,
			);
			defaultConfigurationIsVisible = 0;
		};
/* End XCConfigurationList section */
	};
	rootObject = B49AAD121EC0994D00E6F0FC /* Project object */;
}
